
Microsoft Visual Studio Solution File, Format Version 12.00
# Visual Studio 2013
VisualStudioVersion = 12.0.30501.0
MinimumVisualStudioVersion = 10.0.40219.1
Project("{FAE04EC0-301F-11D3-BF4B-00C04F79EFBC}") = "StockManageUI", "StockManageUI\StockManageUI.csproj", "{53443B1A-DDEB-460E-9167-1BDE2D992820}"
EndProject
Project("{FAE04EC0-301F-11D3-BF4B-00C04F79EFBC}") = "StockManageBLL", "StockManageBLL\StockManageBLL.csproj", "{EC8F4052-625E-4774-963E-846FFF700F85}"
EndProject
Project("{FAE04EC0-301F-11D3-BF4B-00C04F79EFBC}") = "StockManageDAL", "StockManageDAL\StockManageDAL.csproj", "{C8FA3F67-C664-403E-A6D2-B2A6FF116727}"
EndProject
Project("{FAE04EC0-301F-11D3-BF4B-00C04F79EFBC}") = "StockManageDTO", "StockManageDTO\StockManageDTO.csproj", "{4C3EECBE-83BF-4C25-9B20-37519E8D7BC5}"
EndProject
Global
	GlobalSection(SolutionConfigurationPlatforms) = preSolution
		Debug|Any CPU = Debug|Any CPU
		Release|Any CPU = Release|Any CPU
	EndGlobalSection
	GlobalSection(ProjectConfigurationPlatforms) = postSolution
		{53443B1A-DDEB-460E-9167-1BDE2D992820}.Debug|Any CPU.ActiveCfg = Debug|Any CPU
		{53443B1A-DDEB-460E-9167-1BDE2D992820}.Debug|Any CPU.Build.0 = Debug|Any CPU
		{53443B1A-DDEB-460E-9167-1BDE2D992820}.Release|Any CPU.ActiveCfg = Release|Any CPU
		{53443B1A-DDEB-460E-9167-1BDE2D992820}.Release|Any CPU.Build.0 = Release|Any CPU
		{EC8F4052-625E-4774-963E-846FFF700F85}.Debug|Any CPU.ActiveCfg = Debug|Any CPU
		{EC8F4052-625E-4774-963E-846FFF700F85}.Debug|Any CPU.Build.0 = Debug|Any CPU
		{EC8F4052-625E-4774-963E-846FFF700F85}.Release|Any CPU.ActiveCfg = Release|Any CPU
		{EC8F4052-625E-4774-963E-846FFF700F85}.Release|Any CPU.Build.0 = Release|Any CPU
		{C8FA3F67-C664-403E-A6D2-B2A6FF116727}.Debug|Any CPU.ActiveCfg = Debug|Any CPU
		{C8FA3F67-C664-403E-A6D2-B2A6FF116727}.Debug|Any CPU.Build.0 = Debug|Any CPU
		{C8FA3F67-C664-403E-A6D2-B2A6FF116727}.Release|Any CPU.ActiveCfg = Release|Any CPU
		{C8FA3F67-C664-403E-A6D2-B2A6FF116727}.Release|Any CPU.Build.0 = Release|Any CPU
		{4C3EECBE-83BF-4C25-9B20-37519E8D7BC5}.Debug|Any CPU.ActiveCfg = Debug|Any CPU
		{4C3EECBE-83BF-4C25-9B20-37519E8D7BC5}.Debug|Any CPU.Build.0 = Debug|Any CPU
		{4C3EECBE-83BF-4C25-9B20-37519E8D7BC5}.Release|Any CPU.ActiveCfg = Release|Any CPU
		{4C3EECBE-83BF-4C25-9B20-37519E8D7BC5}.Release|Any CPU.Build.0 = Release|Any CPU
	EndGlobalSection
	GlobalSection(SolutionProperties) = preSolution
		HideSolutionNode = FALSE
	EndGlobalSection
EndGlobal
